
Microsoft Visual Studio Solution File, Format Version 12.00
# Visual Studio 15
VisualStudioVersion = 15.0.25807.0
MinimumVisualStudioVersion = 10.0.40219.1
Project("{8BC9CEB8-8B4A-11D0-8D11-00A0C91BC942}") = "257 动态排名系统", "257 动态排名系统\257 动态排名系统.vcxproj", "{6EDB46F3-D0DE-469D-90FD-F68ABB91BCCE}"
EndProject
Project("{8BC9CEB8-8B4A-11D0-8D11-00A0C91BC942}") = "930 [河南省队2012] 找第k小的数", "930 [河南省队2012] 找第k小的数\930 [河南省队2012] 找第k小的数.vcxproj", "{3A6BF4F5-64BE-4A6E-A2EA-B7338275F20D}"
EndProject
Project("{8BC9CEB8-8B4A-11D0-8D11-00A0C91BC942}") = "1264 [NOIP2012] 开车旅行", "1264 [NOIP2012] 开车旅行\1264 [NOIP2012] 开车旅行.vcxproj", "{3BA6665B-F431-4443-B2BE-72CAA477E386}"
EndProject
Project("{8BC9CEB8-8B4A-11D0-8D11-00A0C91BC942}") = "1266 [NOIP2012] 借教室", "1266 [NOIP2012] 借教室\1266 [NOIP2012] 借教室.vcxproj", "{6EF5A29F-16E2-4F3F-A12B-0E5F33858B65}"
EndProject
Project("{8BC9CEB8-8B4A-11D0-8D11-00A0C91BC942}") = "1829 [Tyvj 1728]普通平衡树", "1829 [Tyvj 1728]普通平衡树\1829 [Tyvj 1728]普通平衡树.vcxproj", "{8576D27B-D3A2-490A-A54A-86795932D2F3}"
EndProject
Project("{8BC9CEB8-8B4A-11D0-8D11-00A0C91BC942}") = "1931 [ZJOI2015]幻想乡战略游戏", "1931 [ZJOI2015]幻想乡战略游戏\1931 [ZJOI2015]幻想乡战略游戏.vcxproj", "{37B5AACC-D8FF-46C9-9380-AB1D6ADCD803}"
EndProject
Project("{8BC9CEB8-8B4A-11D0-8D11-00A0C91BC942}") = "1262 [NOIP2012] Vigenère 密码", "1262 [NOIP2012] Vigenère 密码\1262 [NOIP2012] Vigenère 密码.vcxproj", "{00D7F5A8-640E-42D7-B54F-23CA7B6AD64B}"
EndProject
Project("{8BC9CEB8-8B4A-11D0-8D11-00A0C91BC942}") = "1265 [NOIP2012] 同余方程", "1265 [NOIP2012] 同余方程\1265 [NOIP2012] 同余方程.vcxproj", "{FA663E1B-271B-4E95-8C99-0CC72B31D870}"
EndProject
Project("{8BC9CEB8-8B4A-11D0-8D11-00A0C91BC942}") = "1263 [NOIP2012] 国王游戏", "1263 [NOIP2012] 国王游戏\1263 [NOIP2012] 国王游戏.vcxproj", "{6B5020E4-ADE4-4717-B758-29CAB13537CB}"
EndProject
Project("{8BC9CEB8-8B4A-11D0-8D11-00A0C91BC942}") = "1267 [NOIP2012] 疫情控制", "1267 [NOIP2012] 疫情控制\1267 [NOIP2012] 疫情控制.vcxproj", "{8254F26C-39D8-49C1-A202-844B97B32A0B}"
EndProject
Project("{8BC9CEB8-8B4A-11D0-8D11-00A0C91BC942}") = "1440 [NOIP2013]积木大赛", "1440 [NOIP2013]积木大赛\1440 [NOIP2013]积木大赛.vcxproj", "{A275D339-D5D4-43D4-B4E5-A7E9A36A24BF}"
EndProject
Project("{8BC9CEB8-8B4A-11D0-8D11-00A0C91BC942}") = "1437 [NOIP2013]转圈游戏", "1437 [NOIP2013]转圈游戏\1437 [NOIP2013]转圈游戏.vcxproj", "{E843889F-413A-4F96-96CB-A913225F3F8B}"
EndProject
Project("{8BC9CEB8-8B4A-11D0-8D11-00A0C91BC942}") = "1438 [NOIP2013]火柴排队", "1438 [NOIP2013]火柴排队\1438 [NOIP2013]火柴排队.vcxproj", "{192B8431-0E5C-43D3-AF45-33C925ACDAB1}"
EndProject
Project("{8BC9CEB8-8B4A-11D0-8D11-00A0C91BC942}") = "1441 [NOIP2013]花匠", "1441 [NOIP2013]花匠\1441 [NOIP2013]花匠.vcxproj", "{3C8D71B6-C9F0-4DBC-B673-EB947C2F249C}"
EndProject
Project("{8BC9CEB8-8B4A-11D0-8D11-00A0C91BC942}") = "1442 [NOIP2013]华容道", "1442 [NOIP2013]华容道\1442 [NOIP2013]华容道.vcxproj", "{FD4E1268-0CE2-4047-9714-59F3720C36B1}"
EndProject
Project("{8BC9CEB8-8B4A-11D0-8D11-00A0C91BC942}") = "1439 [NOIP2013]货车运输", "1439 [NOIP2013]货车运输\1439 [NOIP2013]货车运输.vcxproj", "{5840CB18-1087-48D6-AE7B-D9933CDC042B}"
EndProject
Project("{8BC9CEB8-8B4A-11D0-8D11-00A0C91BC942}") = "1806 [NOIP2014]无线网路发射器选址", "1806 [NOIP2014]无线网路发射器选址\1806 [NOIP2014]无线网路发射器选址.vcxproj", "{9668DB0E-300F-4510-944B-2A8EC2E84CD4}"
EndProject
Project("{8BC9CEB8-8B4A-11D0-8D11-00A0C91BC942}") = "1803 [NOIP2014]生活大爆炸版石头剪刀布", "1803 [NOIP2014]生活大爆炸版石头剪刀布\1803 [NOIP2014]生活大爆炸版石头剪刀布.vcxproj", "{DF9A8F93-DB51-4468-B89C-83F7EE997829}"
EndProject
Project("{8BC9CEB8-8B4A-11D0-8D11-00A0C91BC942}") = "1807 [NOIP2014]寻找道路", "1807 [NOIP2014]寻找道路\1807 [NOIP2014]寻找道路.vcxproj", "{2A44C5FC-0C91-47D7-BFB8-876D14C0D8A0}"
EndProject
Project("{8BC9CEB8-8B4A-11D0-8D11-00A0C91BC942}") = "1804 [NOIP2014]联合权值", "1804 [NOIP2014]联合权值\1804 [NOIP2014]联合权值.vcxproj", "{0261F1F4-DC2E-4250-AD4B-256D31A9F399}"
EndProject
Project("{8BC9CEB8-8B4A-11D0-8D11-00A0C91BC942}") = "1808 [NOIP2014]解方程", "1808 [NOIP2014]解方程\1808 [NOIP2014]解方程.vcxproj", "{79333A5A-AE3B-4EBE-BDFF-A18A6AF2D1FF}"
EndProject
Project("{8BC9CEB8-8B4A-11D0-8D11-00A0C91BC942}") = "1805 [NOIP2014]飞扬的小鸟", "1805 [NOIP2014]飞扬的小鸟\1805 [NOIP2014]飞扬的小鸟.vcxproj", "{5EFFA120-A533-4878-AD89-6655FEA1B6F8}"
EndProject
Project("{8BC9CEB8-8B4A-11D0-8D11-00A0C91BC942}") = "2105 [NOIP2015] 信息传递", "2105 [NOIP2015] 信息传递\2105 [NOIP2015] 信息传递.vcxproj", "{4BEA6AC4-10B4-4CCD-8305-D5CD942A77BF}"
EndProject
Project("{8BC9CEB8-8B4A-11D0-8D11-00A0C91BC942}") = "2104 [NOIP2015]神奇的幻方", "2104 [NOIP2015]神奇的幻方\2104 [NOIP2015]神奇的幻方.vcxproj", "{BB75DF39-EA50-41AD-89FC-7FCE2067838D}"
EndProject
Project("{8BC9CEB8-8B4A-11D0-8D11-00A0C91BC942}") = "2106 [NOIP2015] 斗地主", "2106 [NOIP2015] 斗地主\2106 [NOIP2015] 斗地主.vcxproj", "{4FDDFF0D-5F29-4CEB-A94B-FC280EE350D4}"
EndProject
Project("{8BC9CEB8-8B4A-11D0-8D11-00A0C91BC942}") = "2107 [NOIP2015] 跳石头", "2107 [NOIP2015] 跳石头\2107 [NOIP2015] 跳石头.vcxproj", "{E266EBAC-F1A6-47B4-B4E9-7A2F06B6CD74}"
EndProject
Project("{8BC9CEB8-8B4A-11D0-8D11-00A0C91BC942}") = "2108 [NOIP2015] 子串", "2108 [NOIP2015] 子串\2108 [NOIP2015] 子串.vcxproj", "{2D67FFC9-FDF2-4229-A28E-5C8146D0C888}"
EndProject
Project("{8BC9CEB8-8B4A-11D0-8D11-00A0C91BC942}") = "2109 [NOIP2015] 运输计划", "2109 [NOIP2015] 运输计划\2109 [NOIP2015] 运输计划.vcxproj", "{4FF6BA4B-BE7A-4BB7-B98A-867C7B79E684}"
EndProject
Project("{8BC9CEB8-8B4A-11D0-8D11-00A0C91BC942}") = "1534 [NEERC 2004]K大数", "1534 [NEERC 2004]K大数\1534 [NEERC 2004]K大数.vcxproj", "{40454CA9-0A0A-43C5-B93F-DA5F79D41E5C}"
EndProject
Project("{8BC9CEB8-8B4A-11D0-8D11-00A0C91BC942}") = "1827 [POI2014]快递员", "1827 [POI2014]快递员\1827 [POI2014]快递员.vcxproj", "{EA7B7DD2-50A5-4648-B2AC-12173F13774F}"
EndProject
Project("{8BC9CEB8-8B4A-11D0-8D11-00A0C91BC942}") = "1851 [HDOJ5140]Hun Gui Wei公司", "1851 [HDOJ5140]Hun Gui Wei公司\1851 [HDOJ5140]Hun Gui Wei公司.vcxproj", "{22B11BF4-1760-43CD-91A4-1850201087CB}"
EndProject
Project("{8BC9CEB8-8B4A-11D0-8D11-00A0C91BC942}") = "1715 [CQOI2011]动态逆序对", "1715 [CQOI2011]动态逆序对\1715 [CQOI2011]动态逆序对.vcxproj", "{5E04C8D4-8BF3-462E-BAA6-E6ACA69DE6C1}"
EndProject
Global
	GlobalSection(SolutionConfigurationPlatforms) = preSolution
		Debug|x64 = Debug|x64
		Debug|x86 = Debug|x86
		Release|x64 = Release|x64
		Release|x86 = Release|x86
	EndGlobalSection
	GlobalSection(ProjectConfigurationPlatforms) = postSolution
		{6EDB46F3-D0DE-469D-90FD-F68ABB91BCCE}.Debug|x64.ActiveCfg = Debug|x64
		{6EDB46F3-D0DE-469D-90FD-F68ABB91BCCE}.Debug|x64.Build.0 = Debug|x64
		{6EDB46F3-D0DE-469D-90FD-F68ABB91BCCE}.Debug|x86.ActiveCfg = Debug|Win32
		{6EDB46F3-D0DE-469D-90FD-F68ABB91BCCE}.Debug|x86.Build.0 = Debug|Win32
		{6EDB46F3-D0DE-469D-90FD-F68ABB91BCCE}.Release|x64.ActiveCfg = Release|x64
		{6EDB46F3-D0DE-469D-90FD-F68ABB91BCCE}.Release|x64.Build.0 = Release|x64
		{6EDB46F3-D0DE-469D-90FD-F68ABB91BCCE}.Release|x86.ActiveCfg = Release|Win32
		{6EDB46F3-D0DE-469D-90FD-F68ABB91BCCE}.Release|x86.Build.0 = Release|Win32
		{3A6BF4F5-64BE-4A6E-A2EA-B7338275F20D}.Debug|x64.ActiveCfg = Debug|x64
		{3A6BF4F5-64BE-4A6E-A2EA-B7338275F20D}.Debug|x64.Build.0 = Debug|x64
		{3A6BF4F5-64BE-4A6E-A2EA-B7338275F20D}.Debug|x86.ActiveCfg = Debug|Win32
		{3A6BF4F5-64BE-4A6E-A2EA-B7338275F20D}.Debug|x86.Build.0 = Debug|Win32
		{3A6BF4F5-64BE-4A6E-A2EA-B7338275F20D}.Release|x64.ActiveCfg = Release|x64
		{3A6BF4F5-64BE-4A6E-A2EA-B7338275F20D}.Release|x64.Build.0 = Release|x64
		{3A6BF4F5-64BE-4A6E-A2EA-B7338275F20D}.Release|x86.ActiveCfg = Release|Win32
		{3A6BF4F5-64BE-4A6E-A2EA-B7338275F20D}.Release|x86.Build.0 = Release|Win32
		{3BA6665B-F431-4443-B2BE-72CAA477E386}.Debug|x64.ActiveCfg = Debug|x64
		{3BA6665B-F431-4443-B2BE-72CAA477E386}.Debug|x64.Build.0 = Debug|x64
		{3BA6665B-F431-4443-B2BE-72CAA477E386}.Debug|x86.ActiveCfg = Debug|Win32
		{3BA6665B-F431-4443-B2BE-72CAA477E386}.Debug|x86.Build.0 = Debug|Win32
		{3BA6665B-F431-4443-B2BE-72CAA477E386}.Release|x64.ActiveCfg = Release|x64
		{3BA6665B-F431-4443-B2BE-72CAA477E386}.Release|x64.Build.0 = Release|x64
		{3BA6665B-F431-4443-B2BE-72CAA477E386}.Release|x86.ActiveCfg = Release|Win32
		{3BA6665B-F431-4443-B2BE-72CAA477E386}.Release|x86.Build.0 = Release|Win32
		{6EF5A29F-16E2-4F3F-A12B-0E5F33858B65}.Debug|x64.ActiveCfg = Debug|x64
		{6EF5A29F-16E2-4F3F-A12B-0E5F33858B65}.Debug|x64.Build.0 = Debug|x64
		{6EF5A29F-16E2-4F3F-A12B-0E5F33858B65}.Debug|x86.ActiveCfg = Debug|Win32
		{6EF5A29F-16E2-4F3F-A12B-0E5F33858B65}.Debug|x86.Build.0 = Debug|Win32
		{6EF5A29F-16E2-4F3F-A12B-0E5F33858B65}.Release|x64.ActiveCfg = Release|x64
		{6EF5A29F-16E2-4F3F-A12B-0E5F33858B65}.Release|x64.Build.0 = Release|x64
		{6EF5A29F-16E2-4F3F-A12B-0E5F33858B65}.Release|x86.ActiveCfg = Release|Win32
		{6EF5A29F-16E2-4F3F-A12B-0E5F33858B65}.Release|x86.Build.0 = Release|Win32
		{8576D27B-D3A2-490A-A54A-86795932D2F3}.Debug|x64.ActiveCfg = Debug|x64
		{8576D27B-D3A2-490A-A54A-86795932D2F3}.Debug|x64.Build.0 = Debug|x64
		{8576D27B-D3A2-490A-A54A-86795932D2F3}.Debug|x86.ActiveCfg = Debug|Win32
		{8576D27B-D3A2-490A-A54A-86795932D2F3}.Debug|x86.Build.0 = Debug|Win32
		{8576D27B-D3A2-490A-A54A-86795932D2F3}.Release|x64.ActiveCfg = Release|x64
		{8576D27B-D3A2-490A-A54A-86795932D2F3}.Release|x64.Build.0 = Release|x64
		{8576D27B-D3A2-490A-A54A-86795932D2F3}.Release|x86.ActiveCfg = Release|Win32
		{8576D27B-D3A2-490A-A54A-86795932D2F3}.Release|x86.Build.0 = Release|Win32
		{37B5AACC-D8FF-46C9-9380-AB1D6ADCD803}.Debug|x64.ActiveCfg = Debug|x64
		{37B5AACC-D8FF-46C9-9380-AB1D6ADCD803}.Debug|x64.Build.0 = Debug|x64
		{37B5AACC-D8FF-46C9-9380-AB1D6ADCD803}.Debug|x86.ActiveCfg = Debug|Win32
		{37B5AACC-D8FF-46C9-9380-AB1D6ADCD803}.Debug|x86.Build.0 = Debug|Win32
		{37B5AACC-D8FF-46C9-9380-AB1D6ADCD803}.Release|x64.ActiveCfg = Release|x64
		{37B5AACC-D8FF-46C9-9380-AB1D6ADCD803}.Release|x64.Build.0 = Release|x64
		{37B5AACC-D8FF-46C9-9380-AB1D6ADCD803}.Release|x86.ActiveCfg = Release|Win32
		{37B5AACC-D8FF-46C9-9380-AB1D6ADCD803}.Release|x86.Build.0 = Release|Win32
		{00D7F5A8-640E-42D7-B54F-23CA7B6AD64B}.Debug|x64.ActiveCfg = Debug|x64
		{00D7F5A8-640E-42D7-B54F-23CA7B6AD64B}.Debug|x64.Build.0 = Debug|x64
		{00D7F5A8-640E-42D7-B54F-23CA7B6AD64B}.Debug|x86.ActiveCfg = Debug|Win32
		{00D7F5A8-640E-42D7-B54F-23CA7B6AD64B}.Debug|x86.Build.0 = Debug|Win32
		{00D7F5A8-640E-42D7-B54F-23CA7B6AD64B}.Release|x64.ActiveCfg = Release|x64
		{00D7F5A8-640E-42D7-B54F-23CA7B6AD64B}.Release|x64.Build.0 = Release|x64
		{00D7F5A8-640E-42D7-B54F-23CA7B6AD64B}.Release|x86.ActiveCfg = Release|Win32
		{00D7F5A8-640E-42D7-B54F-23CA7B6AD64B}.Release|x86.Build.0 = Release|Win32
		{FA663E1B-271B-4E95-8C99-0CC72B31D870}.Debug|x64.ActiveCfg = Debug|x64
		{FA663E1B-271B-4E95-8C99-0CC72B31D870}.Debug|x64.Build.0 = Debug|x64
		{FA663E1B-271B-4E95-8C99-0CC72B31D870}.Debug|x86.ActiveCfg = Debug|Win32
		{FA663E1B-271B-4E95-8C99-0CC72B31D870}.Debug|x86.Build.0 = Debug|Win32
		{FA663E1B-271B-4E95-8C99-0CC72B31D870}.Release|x64.ActiveCfg = Release|x64
		{FA663E1B-271B-4E95-8C99-0CC72B31D870}.Release|x64.Build.0 = Release|x64
		{FA663E1B-271B-4E95-8C99-0CC72B31D870}.Release|x86.ActiveCfg = Release|Win32
		{FA663E1B-271B-4E95-8C99-0CC72B31D870}.Release|x86.Build.0 = Release|Win32
		{6B5020E4-ADE4-4717-B758-29CAB13537CB}.Debug|x64.ActiveCfg = Debug|x64
		{6B5020E4-ADE4-4717-B758-29CAB13537CB}.Debug|x64.Build.0 = Debug|x64
		{6B5020E4-ADE4-4717-B758-29CAB13537CB}.Debug|x86.ActiveCfg = Debug|Win32
		{6B5020E4-ADE4-4717-B758-29CAB13537CB}.Debug|x86.Build.0 = Debug|Win32
		{6B5020E4-ADE4-4717-B758-29CAB13537CB}.Release|x64.ActiveCfg = Release|x64
		{6B5020E4-ADE4-4717-B758-29CAB13537CB}.Release|x64.Build.0 = Release|x64
		{6B5020E4-ADE4-4717-B758-29CAB13537CB}.Release|x86.ActiveCfg = Release|Win32
		{6B5020E4-ADE4-4717-B758-29CAB13537CB}.Release|x86.Build.0 = Release|Win32
		{8254F26C-39D8-49C1-A202-844B97B32A0B}.Debug|x64.ActiveCfg = Debug|x64
		{8254F26C-39D8-49C1-A202-844B97B32A0B}.Debug|x64.Build.0 = Debug|x64
		{8254F26C-39D8-49C1-A202-844B97B32A0B}.Debug|x86.ActiveCfg = Debug|Win32
		{8254F26C-39D8-49C1-A202-844B97B32A0B}.Debug|x86.Build.0 = Debug|Win32
		{8254F26C-39D8-49C1-A202-844B97B32A0B}.Release|x64.ActiveCfg = Release|x64
		{8254F26C-39D8-49C1-A202-844B97B32A0B}.Release|x64.Build.0 = Release|x64
		{8254F26C-39D8-49C1-A202-844B97B32A0B}.Release|x86.ActiveCfg = Release|Win32
		{8254F26C-39D8-49C1-A202-844B97B32A0B}.Release|x86.Build.0 = Release|Win32
		{A275D339-D5D4-43D4-B4E5-A7E9A36A24BF}.Debug|x64.ActiveCfg = Debug|x64
		{A275D339-D5D4-43D4-B4E5-A7E9A36A24BF}.Debug|x64.Build.0 = Debug|x64
		{A275D339-D5D4-43D4-B4E5-A7E9A36A24BF}.Debug|x86.ActiveCfg = Debug|Win32
		{A275D339-D5D4-43D4-B4E5-A7E9A36A24BF}.Debug|x86.Build.0 = Debug|Win32
		{A275D339-D5D4-43D4-B4E5-A7E9A36A24BF}.Release|x64.ActiveCfg = Release|x64
		{A275D339-D5D4-43D4-B4E5-A7E9A36A24BF}.Release|x64.Build.0 = Release|x64
		{A275D339-D5D4-43D4-B4E5-A7E9A36A24BF}.Release|x86.ActiveCfg = Release|Win32
		{A275D339-D5D4-43D4-B4E5-A7E9A36A24BF}.Release|x86.Build.0 = Release|Win32
		{E843889F-413A-4F96-96CB-A913225F3F8B}.Debug|x64.ActiveCfg = Debug|x64
		{E843889F-413A-4F96-96CB-A913225F3F8B}.Debug|x64.Build.0 = Debug|x64
		{E843889F-413A-4F96-96CB-A913225F3F8B}.Debug|x86.ActiveCfg = Debug|Win32
		{E843889F-413A-4F96-96CB-A913225F3F8B}.Debug|x86.Build.0 = Debug|Win32
		{E843889F-413A-4F96-96CB-A913225F3F8B}.Release|x64.ActiveCfg = Release|x64
		{E843889F-413A-4F96-96CB-A913225F3F8B}.Release|x64.Build.0 = Release|x64
		{E843889F-413A-4F96-96CB-A913225F3F8B}.Release|x86.ActiveCfg = Release|Win32
		{E843889F-413A-4F96-96CB-A913225F3F8B}.Release|x86.Build.0 = Release|Win32
		{192B8431-0E5C-43D3-AF45-33C925ACDAB1}.Debug|x64.ActiveCfg = Debug|x64
		{192B8431-0E5C-43D3-AF45-33C925ACDAB1}.Debug|x64.Build.0 = Debug|x64
		{192B8431-0E5C-43D3-AF45-33C925ACDAB1}.Debug|x86.ActiveCfg = Debug|Win32
		{192B8431-0E5C-43D3-AF45-33C925ACDAB1}.Debug|x86.Build.0 = Debug|Win32
		{192B8431-0E5C-43D3-AF45-33C925ACDAB1}.Release|x64.ActiveCfg = Release|x64
		{192B8431-0E5C-43D3-AF45-33C925ACDAB1}.Release|x64.Build.0 = Release|x64
		{192B8431-0E5C-43D3-AF45-33C925ACDAB1}.Release|x86.ActiveCfg = Release|Win32
		{192B8431-0E5C-43D3-AF45-33C925ACDAB1}.Release|x86.Build.0 = Release|Win32
		{3C8D71B6-C9F0-4DBC-B673-EB947C2F249C}.Debug|x64.ActiveCfg = Debug|x64
		{3C8D71B6-C9F0-4DBC-B673-EB947C2F249C}.Debug|x64.Build.0 = Debug|x64
		{3C8D71B6-C9F0-4DBC-B673-EB947C2F249C}.Debug|x86.ActiveCfg = Debug|Win32
		{3C8D71B6-C9F0-4DBC-B673-EB947C2F249C}.Debug|x86.Build.0 = Debug|Win32
		{3C8D71B6-C9F0-4DBC-B673-EB947C2F249C}.Release|x64.ActiveCfg = Release|x64
		{3C8D71B6-C9F0-4DBC-B673-EB947C2F249C}.Release|x64.Build.0 = Release|x64
		{3C8D71B6-C9F0-4DBC-B673-EB947C2F249C}.Release|x86.ActiveCfg = Release|Win32
		{3C8D71B6-C9F0-4DBC-B673-EB947C2F249C}.Release|x86.Build.0 = Release|Win32
		{FD4E1268-0CE2-4047-9714-59F3720C36B1}.Debug|x64.ActiveCfg = Debug|x64
		{FD4E1268-0CE2-4047-9714-59F3720C36B1}.Debug|x64.Build.0 = Debug|x64
		{FD4E1268-0CE2-4047-9714-59F3720C36B1}.Debug|x86.ActiveCfg = Debug|Win32
		{FD4E1268-0CE2-4047-9714-59F3720C36B1}.Debug|x86.Build.0 = Debug|Win32
		{FD4E1268-0CE2-4047-9714-59F3720C36B1}.Release|x64.ActiveCfg = Release|x64
		{FD4E1268-0CE2-4047-9714-59F3720C36B1}.Release|x64.Build.0 = Release|x64
		{FD4E1268-0CE2-4047-9714-59F3720C36B1}.Release|x86.ActiveCfg = Release|Win32
		{FD4E1268-0CE2-4047-9714-59F3720C36B1}.Release|x86.Build.0 = Release|Win32
		{5840CB18-1087-48D6-AE7B-D9933CDC042B}.Debug|x64.ActiveCfg = Debug|x64
		{5840CB18-1087-48D6-AE7B-D9933CDC042B}.Debug|x64.Build.0 = Debug|x64
		{5840CB18-1087-48D6-AE7B-D9933CDC042B}.Debug|x86.ActiveCfg = Debug|Win32
		{5840CB18-1087-48D6-AE7B-D9933CDC042B}.Debug|x86.Build.0 = Debug|Win32
		{5840CB18-1087-48D6-AE7B-D9933CDC042B}.Release|x64.ActiveCfg = Release|x64
		{5840CB18-1087-48D6-AE7B-D9933CDC042B}.Release|x64.Build.0 = Release|x64
		{5840CB18-1087-48D6-AE7B-D9933CDC042B}.Release|x86.ActiveCfg = Release|Win32
		{5840CB18-1087-48D6-AE7B-D9933CDC042B}.Release|x86.Build.0 = Release|Win32
		{9668DB0E-300F-4510-944B-2A8EC2E84CD4}.Debug|x64.ActiveCfg = Debug|x64
		{9668DB0E-300F-4510-944B-2A8EC2E84CD4}.Debug|x64.Build.0 = Debug|x64
		{9668DB0E-300F-4510-944B-2A8EC2E84CD4}.Debug|x86.ActiveCfg = Debug|Win32
		{9668DB0E-300F-4510-944B-2A8EC2E84CD4}.Debug|x86.Build.0 = Debug|Win32
		{9668DB0E-300F-4510-944B-2A8EC2E84CD4}.Release|x64.ActiveCfg = Release|x64
		{9668DB0E-300F-4510-944B-2A8EC2E84CD4}.Release|x64.Build.0 = Release|x64
		{9668DB0E-300F-4510-944B-2A8EC2E84CD4}.Release|x86.ActiveCfg = Release|Win32
		{9668DB0E-300F-4510-944B-2A8EC2E84CD4}.Release|x86.Build.0 = Release|Win32
		{DF9A8F93-DB51-4468-B89C-83F7EE997829}.Debug|x64.ActiveCfg = Debug|x64
		{DF9A8F93-DB51-4468-B89C-83F7EE997829}.Debug|x64.Build.0 = Debug|x64
		{DF9A8F93-DB51-4468-B89C-83F7EE997829}.Debug|x86.ActiveCfg = Debug|Win32
		{DF9A8F93-DB51-4468-B89C-83F7EE997829}.Debug|x86.Build.0 = Debug|Win32
		{DF9A8F93-DB51-4468-B89C-83F7EE997829}.Release|x64.ActiveCfg = Release|x64
		{DF9A8F93-DB51-4468-B89C-83F7EE997829}.Release|x64.Build.0 = Release|x64
		{DF9A8F93-DB51-4468-B89C-83F7EE997829}.Release|x86.ActiveCfg = Release|Win32
		{DF9A8F93-DB51-4468-B89C-83F7EE997829}.Release|x86.Build.0 = Release|Win32
		{2A44C5FC-0C91-47D7-BFB8-876D14C0D8A0}.Debug|x64.ActiveCfg = Debug|x64
		{2A44C5FC-0C91-47D7-BFB8-876D14C0D8A0}.Debug|x64.Build.0 = Debug|x64
		{2A44C5FC-0C91-47D7-BFB8-876D14C0D8A0}.Debug|x86.ActiveCfg = Debug|Win32
		{2A44C5FC-0C91-47D7-BFB8-876D14C0D8A0}.Debug|x86.Build.0 = Debug|Win32
		{2A44C5FC-0C91-47D7-BFB8-876D14C0D8A0}.Release|x64.ActiveCfg = Release|x64
		{2A44C5FC-0C91-47D7-BFB8-876D14C0D8A0}.Release|x64.Build.0 = Release|x64
		{2A44C5FC-0C91-47D7-BFB8-876D14C0D8A0}.Release|x86.ActiveCfg = Release|Win32
		{2A44C5FC-0C91-47D7-BFB8-876D14C0D8A0}.Release|x86.Build.0 = Release|Win32
		{0261F1F4-DC2E-4250-AD4B-256D31A9F399}.Debug|x64.ActiveCfg = Debug|x64
		{0261F1F4-DC2E-4250-AD4B-256D31A9F399}.Debug|x64.Build.0 = Debug|x64
		{0261F1F4-DC2E-4250-AD4B-256D31A9F399}.Debug|x86.ActiveCfg = Debug|Win32
		{0261F1F4-DC2E-4250-AD4B-256D31A9F399}.Debug|x86.Build.0 = Debug|Win32
		{0261F1F4-DC2E-4250-AD4B-256D31A9F399}.Release|x64.ActiveCfg = Release|x64
		{0261F1F4-DC2E-4250-AD4B-256D31A9F399}.Release|x64.Build.0 = Release|x64
		{0261F1F4-DC2E-4250-AD4B-256D31A9F399}.Release|x86.ActiveCfg = Release|Win32
		{0261F1F4-DC2E-4250-AD4B-256D31A9F399}.Release|x86.Build.0 = Release|Win32
		{79333A5A-AE3B-4EBE-BDFF-A18A6AF2D1FF}.Debug|x64.ActiveCfg = Debug|x64
		{79333A5A-AE3B-4EBE-BDFF-A18A6AF2D1FF}.Debug|x64.Build.0 = Debug|x64
		{79333A5A-AE3B-4EBE-BDFF-A18A6AF2D1FF}.Debug|x86.ActiveCfg = Debug|Win32
		{79333A5A-AE3B-4EBE-BDFF-A18A6AF2D1FF}.Debug|x86.Build.0 = Debug|Win32
		{79333A5A-AE3B-4EBE-BDFF-A18A6AF2D1FF}.Release|x64.ActiveCfg = Release|x64
		{79333A5A-AE3B-4EBE-BDFF-A18A6AF2D1FF}.Release|x64.Build.0 = Release|x64
		{79333A5A-AE3B-4EBE-BDFF-A18A6AF2D1FF}.Release|x86.ActiveCfg = Release|Win32
		{79333A5A-AE3B-4EBE-BDFF-A18A6AF2D1FF}.Release|x86.Build.0 = Release|Win32
		{5EFFA120-A533-4878-AD89-6655FEA1B6F8}.Debug|x64.ActiveCfg = Debug|x64
		{5EFFA120-A533-4878-AD89-6655FEA1B6F8}.Debug|x64.Build.0 = Debug|x64
		{5EFFA120-A533-4878-AD89-6655FEA1B6F8}.Debug|x86.ActiveCfg = Debug|Win32
		{5EFFA120-A533-4878-AD89-6655FEA1B6F8}.Debug|x86.Build.0 = Debug|Win32
		{5EFFA120-A533-4878-AD89-6655FEA1B6F8}.Release|x64.ActiveCfg = Release|x64
		{5EFFA120-A533-4878-AD89-6655FEA1B6F8}.Release|x64.Build.0 = Release|x64
		{5EFFA120-A533-4878-AD89-6655FEA1B6F8}.Release|x86.ActiveCfg = Release|Win32
		{5EFFA120-A533-4878-AD89-6655FEA1B6F8}.Release|x86.Build.0 = Release|Win32
		{4BEA6AC4-10B4-4CCD-8305-D5CD942A77BF}.Debug|x64.ActiveCfg = Debug|x64
		{4BEA6AC4-10B4-4CCD-8305-D5CD942A77BF}.Debug|x64.Build.0 = Debug|x64
		{4BEA6AC4-10B4-4CCD-8305-D5CD942A77BF}.Debug|x86.ActiveCfg = Debug|Win32
		{4BEA6AC4-10B4-4CCD-8305-D5CD942A77BF}.Debug|x86.Build.0 = Debug|Win32
		{4BEA6AC4-10B4-4CCD-8305-D5CD942A77BF}.Release|x64.ActiveCfg = Release|x64
		{4BEA6AC4-10B4-4CCD-8305-D5CD942A77BF}.Release|x64.Build.0 = Release|x64
		{4BEA6AC4-10B4-4CCD-8305-D5CD942A77BF}.Release|x86.ActiveCfg = Release|Win32
		{4BEA6AC4-10B4-4CCD-8305-D5CD942A77BF}.Release|x86.Build.0 = Release|Win32
		{BB75DF39-EA50-41AD-89FC-7FCE2067838D}.Debug|x64.ActiveCfg = Debug|x64
		{BB75DF39-EA50-41AD-89FC-7FCE2067838D}.Debug|x64.Build.0 = Debug|x64
		{BB75DF39-EA50-41AD-89FC-7FCE2067838D}.Debug|x86.ActiveCfg = Debug|Win32
		{BB75DF39-EA50-41AD-89FC-7FCE2067838D}.Debug|x86.Build.0 = Debug|Win32
		{BB75DF39-EA50-41AD-89FC-7FCE2067838D}.Release|x64.ActiveCfg = Release|x64
		{BB75DF39-EA50-41AD-89FC-7FCE2067838D}.Release|x64.Build.0 = Release|x64
		{BB75DF39-EA50-41AD-89FC-7FCE2067838D}.Release|x86.ActiveCfg = Release|Win32
		{BB75DF39-EA50-41AD-89FC-7FCE2067838D}.Release|x86.Build.0 = Release|Win32
		{4FDDFF0D-5F29-4CEB-A94B-FC280EE350D4}.Debug|x64.ActiveCfg = Debug|x64
		{4FDDFF0D-5F29-4CEB-A94B-FC280EE350D4}.Debug|x64.Build.0 = Debug|x64
		{4FDDFF0D-5F29-4CEB-A94B-FC280EE350D4}.Debug|x86.ActiveCfg = Debug|Win32
		{4FDDFF0D-5F29-4CEB-A94B-FC280EE350D4}.Debug|x86.Build.0 = Debug|Win32
		{4FDDFF0D-5F29-4CEB-A94B-FC280EE350D4}.Release|x64.ActiveCfg = Release|x64
		{4FDDFF0D-5F29-4CEB-A94B-FC280EE350D4}.Release|x64.Build.0 = Release|x64
		{4FDDFF0D-5F29-4CEB-A94B-FC280EE350D4}.Release|x86.ActiveCfg = Release|Win32
		{4FDDFF0D-5F29-4CEB-A94B-FC280EE350D4}.Release|x86.Build.0 = Release|Win32
		{E266EBAC-F1A6-47B4-B4E9-7A2F06B6CD74}.Debug|x64.ActiveCfg = Debug|x64
		{E266EBAC-F1A6-47B4-B4E9-7A2F06B6CD74}.Debug|x64.Build.0 = Debug|x64
		{E266EBAC-F1A6-47B4-B4E9-7A2F06B6CD74}.Debug|x86.ActiveCfg = Debug|Win32
		{E266EBAC-F1A6-47B4-B4E9-7A2F06B6CD74}.Debug|x86.Build.0 = Debug|Win32
		{E266EBAC-F1A6-47B4-B4E9-7A2F06B6CD74}.Release|x64.ActiveCfg = Release|x64
		{E266EBAC-F1A6-47B4-B4E9-7A2F06B6CD74}.Release|x64.Build.0 = Release|x64
		{E266EBAC-F1A6-47B4-B4E9-7A2F06B6CD74}.Release|x86.ActiveCfg = Release|Win32
		{E266EBAC-F1A6-47B4-B4E9-7A2F06B6CD74}.Release|x86.Build.0 = Release|Win32
		{2D67FFC9-FDF2-4229-A28E-5C8146D0C888}.Debug|x64.ActiveCfg = Debug|x64
		{2D67FFC9-FDF2-4229-A28E-5C8146D0C888}.Debug|x64.Build.0 = Debug|x64
		{2D67FFC9-FDF2-4229-A28E-5C8146D0C888}.Debug|x86.ActiveCfg = Debug|Win32
		{2D67FFC9-FDF2-4229-A28E-5C8146D0C888}.Debug|x86.Build.0 = Debug|Win32
		{2D67FFC9-FDF2-4229-A28E-5C8146D0C888}.Release|x64.ActiveCfg = Release|x64
		{2D67FFC9-FDF2-4229-A28E-5C8146D0C888}.Release|x64.Build.0 = Release|x64
		{2D67FFC9-FDF2-4229-A28E-5C8146D0C888}.Release|x86.ActiveCfg = Release|Win32
		{2D67FFC9-FDF2-4229-A28E-5C8146D0C888}.Release|x86.Build.0 = Release|Win32
		{4FF6BA4B-BE7A-4BB7-B98A-867C7B79E684}.Debug|x64.ActiveCfg = Debug|x64
		{4FF6BA4B-BE7A-4BB7-B98A-867C7B79E684}.Debug|x64.Build.0 = Debug|x64
		{4FF6BA4B-BE7A-4BB7-B98A-867C7B79E684}.Debug|x86.ActiveCfg = Debug|Win32
		{4FF6BA4B-BE7A-4BB7-B98A-867C7B79E684}.Debug|x86.Build.0 = Debug|Win32
		{4FF6BA4B-BE7A-4BB7-B98A-867C7B79E684}.Release|x64.ActiveCfg = Release|x64
		{4FF6BA4B-BE7A-4BB7-B98A-867C7B79E684}.Release|x64.Build.0 = Release|x64
		{4FF6BA4B-BE7A-4BB7-B98A-867C7B79E684}.Release|x86.ActiveCfg = Release|Win32
		{4FF6BA4B-BE7A-4BB7-B98A-867C7B79E684}.Release|x86.Build.0 = Release|Win32
		{40454CA9-0A0A-43C5-B93F-DA5F79D41E5C}.Debug|x64.ActiveCfg = Debug|x64
		{40454CA9-0A0A-43C5-B93F-DA5F79D41E5C}.Debug|x64.Build.0 = Debug|x64
		{40454CA9-0A0A-43C5-B93F-DA5F79D41E5C}.Debug|x86.ActiveCfg = Debug|Win32
		{40454CA9-0A0A-43C5-B93F-DA5F79D41E5C}.Debug|x86.Build.0 = Debug|Win32
		{40454CA9-0A0A-43C5-B93F-DA5F79D41E5C}.Release|x64.ActiveCfg = Release|x64
		{40454CA9-0A0A-43C5-B93F-DA5F79D41E5C}.Release|x64.Build.0 = Release|x64
		{40454CA9-0A0A-43C5-B93F-DA5F79D41E5C}.Release|x86.ActiveCfg = Release|Win32
		{40454CA9-0A0A-43C5-B93F-DA5F79D41E5C}.Release|x86.Build.0 = Release|Win32
		{EA7B7DD2-50A5-4648-B2AC-12173F13774F}.Debug|x64.ActiveCfg = Debug|x64
		{EA7B7DD2-50A5-4648-B2AC-12173F13774F}.Debug|x64.Build.0 = Debug|x64
		{EA7B7DD2-50A5-4648-B2AC-12173F13774F}.Debug|x86.ActiveCfg = Debug|Win32
		{EA7B7DD2-50A5-4648-B2AC-12173F13774F}.Debug|x86.Build.0 = Debug|Win32
		{EA7B7DD2-50A5-4648-B2AC-12173F13774F}.Release|x64.ActiveCfg = Release|x64
		{EA7B7DD2-50A5-4648-B2AC-12173F13774F}.Release|x64.Build.0 = Release|x64
		{EA7B7DD2-50A5-4648-B2AC-12173F13774F}.Release|x86.ActiveCfg = Release|Win32
		{EA7B7DD2-50A5-4648-B2AC-12173F13774F}.Release|x86.Build.0 = Release|Win32
		{22B11BF4-1760-43CD-91A4-1850201087CB}.Debug|x64.ActiveCfg = Debug|x64
		{22B11BF4-1760-43CD-91A4-1850201087CB}.Debug|x64.Build.0 = Debug|x64
		{22B11BF4-1760-43CD-91A4-1850201087CB}.Debug|x86.ActiveCfg = Debug|Win32
		{22B11BF4-1760-43CD-91A4-1850201087CB}.Debug|x86.Build.0 = Debug|Win32
		{22B11BF4-1760-43CD-91A4-1850201087CB}.Release|x64.ActiveCfg = Release|x64
		{22B11BF4-1760-43CD-91A4-1850201087CB}.Release|x64.Build.0 = Release|x64
		{22B11BF4-1760-43CD-91A4-1850201087CB}.Release|x86.ActiveCfg = Release|Win32
		{22B11BF4-1760-43CD-91A4-1850201087CB}.Release|x86.Build.0 = Release|Win32
		{5E04C8D4-8BF3-462E-BAA6-E6ACA69DE6C1}.Debug|x64.ActiveCfg = Debug|x64
		{5E04C8D4-8BF3-462E-BAA6-E6ACA69DE6C1}.Debug|x64.Build.0 = Debug|x64
		{5E04C8D4-8BF3-462E-BAA6-E6ACA69DE6C1}.Debug|x86.ActiveCfg = Debug|Win32
		{5E04C8D4-8BF3-462E-BAA6-E6ACA69DE6C1}.Debug|x86.Build.0 = Debug|Win32
		{5E04C8D4-8BF3-462E-BAA6-E6ACA69DE6C1}.Release|x64.ActiveCfg = Release|x64
		{5E04C8D4-8BF3-462E-BAA6-E6ACA69DE6C1}.Release|x64.Build.0 = Release|x64
		{5E04C8D4-8BF3-462E-BAA6-E6ACA69DE6C1}.Release|x86.ActiveCfg = Release|Win32
		{5E04C8D4-8BF3-462E-BAA6-E6ACA69DE6C1}.Release|x86.Build.0 = Release|Win32
	EndGlobalSection
	GlobalSection(SolutionProperties) = preSolution
		HideSolutionNode = FALSE
	EndGlobalSection
EndGlobal
